{
    "_readme": [
        "This file locks the dependencies of your project to a known state",
        "Read more about it at https://getcomposer.org/doc/01-basic-usage.md#installing-dependencies",
        "This file is @generated automatically"
    ],
    "content-hash": "03ce726c44aa0cf113b99492fd1676f8",
    "packages": [
        {
            "name": "xdr/phpmodel",
            "version": "dev-main",
            "source": {
                "type": "git",
                "url": "https://github.com/ajaz-ul-haqq/phpModel.git",
                "reference": "e0151cf578f6765f2301cceb0201a05853eae834"
            },
            "dist": {
                "type": "zip",
                "url": "https://api.github.com/repos/ajaz-ul-haqq/phpModel/zipball/e0151cf578f6765f2301cceb0201a05853eae834",
                "reference": "e0151cf578f6765f2301cceb0201a05853eae834",
                "shasum": ""
            },
            "require": {
                "ext-mysqli": "*",
                "php": "^8.1"
            },
            "default-branch": true,
            "type": "project",
            "autoload": {
                "psr-4": {
                    "phpModel\\": "src/"
                },
                "files": [
                    "helpers.php"
                ]
            },
            "description": "Php Model",
            "support": {
                "source": "https://github.com/ajaz-ul-haqq/phpModel/tree/main",
                "issues": "https://github.com/ajaz-ul-haqq/phpModel/issues"
            },
            "time": "2024-03-17T06:20:51+00:00"
        }
    ],
    "packages-dev": [],
    "aliases": [],
    "minimum-stability": "stable",
    "stability-flags": {
        "xdr/phpmodel": 20
    },
    "prefer-stable": false,
    "prefer-lowest": false,
    "platform": [],
    "platform-dev": [],
    "plugin-api-version": "2.6.0"
}
